
Microsoft Visual Studio Solution File, Format Version 9.00
# Visual Studio 2005
Project("{FAE04EC0-301F-11D3-BF4B-00C04F79EFBC}") = "NRSS.Winformclient", "NRSS.Winformclient\NRSS.Winformclient.csproj", "{8D5AE240-0AFC-4C6A-890F-3F73CEDBD18A}"
EndProject
Project("{FAE04EC0-301F-11D3-BF4B-00C04F79EFBC}") = "NRSS.mapping", "NRSS.mapping\NRSS.mapping.csproj", "{27D6E4B4-7893-4369-9CAF-4E625B0146A9}"
EndProject
Project("{FAE04EC0-301F-11D3-BF4B-00C04F79EFBC}") = "NRSS.Server.DataAccess", "NRSS.Server.DataAccess\NRSS.Server.DataAccess.csproj", "{AD772B9B-67A7-4E4D-B749-FB56D65F057C}"
EndProject
Project("{E24C65DC-7377-472B-9ABA-BC803B73C61A}") = "D:\...\NRSS.Server\", "NRSS.Server\", "{5CBC3F2A-2AA9-4071-AAB9-47CB3A49EEBC}"
	ProjectSection(WebsiteProperties) = preProject
		ProjectReferences = "{27D6E4B4-7893-4369-9CAF-4E625B0146A9}|NRSS.mapping.dll;{AD772B9B-67A7-4E4D-B749-FB56D65F057C}|NRSS.Server.DataAccess.dll;{C42FC014-7E12-4FAF-9BC9-79BF1529440D}|RSS.NET.dll;{165140DE-2CA5-4EA7-A875-9FE653A56419}|Smilla.NNTP.dll;{42F62A8A-2D29-4E6B-9B62-E52EA63D4CB1}|NRSSLib.dll;"
		Debug.AspNetCompiler.VirtualPath = "/NRSS.Server"
		Debug.AspNetCompiler.PhysicalPath = "NRSS.Server\"
		Debug.AspNetCompiler.TargetPath = "PrecompiledWeb\NRSS.Server\"
		Debug.AspNetCompiler.Updateable = "true"
		Debug.AspNetCompiler.ForceOverwrite = "true"
		Debug.AspNetCompiler.FixedNames = "false"
		Debug.AspNetCompiler.Debug = "True"
		Release.AspNetCompiler.VirtualPath = "/NRSS.Server"
		Release.AspNetCompiler.PhysicalPath = "NRSS.Server\"
		Release.AspNetCompiler.TargetPath = "PrecompiledWeb\NRSS.Server\"
		Release.AspNetCompiler.Updateable = "true"
		Release.AspNetCompiler.ForceOverwrite = "true"
		Release.AspNetCompiler.FixedNames = "false"
		Release.AspNetCompiler.Debug = "False"
		VWDPort = "1830"
	EndProjectSection
EndProject
Project("{E24C65DC-7377-472B-9ABA-BC803B73C61A}") = "D:\...\NRSS.Webclient\", "NRSS.Webclient\", "{8B6AE4A0-EE43-4C7C-ACC7-DCDE1EA2B311}"
	ProjectSection(WebsiteProperties) = preProject
		Debug.AspNetCompiler.VirtualPath = "/NRSS.Webclient"
		Debug.AspNetCompiler.PhysicalPath = "NRSS.Webclient\"
		Debug.AspNetCompiler.TargetPath = "PrecompiledWeb\NRSS.Webclient\"
		Debug.AspNetCompiler.Updateable = "true"
		Debug.AspNetCompiler.ForceOverwrite = "true"
		Debug.AspNetCompiler.FixedNames = "false"
		Debug.AspNetCompiler.Debug = "True"
		Release.AspNetCompiler.VirtualPath = "/NRSS.Webclient"
		Release.AspNetCompiler.PhysicalPath = "NRSS.Webclient\"
		Release.AspNetCompiler.TargetPath = "PrecompiledWeb\NRSS.Webclient\"
		Release.AspNetCompiler.Updateable = "true"
		Release.AspNetCompiler.ForceOverwrite = "true"
		Release.AspNetCompiler.FixedNames = "false"
		Release.AspNetCompiler.Debug = "False"
		VWDPort = "1836"
	EndProjectSection
EndProject
Project("{FAE04EC0-301F-11D3-BF4B-00C04F79EFBC}") = "NRSS.Screensaver", "NRSS.Screensaver\NRSS.Screensaver.csproj", "{6E341CAD-6097-4886-B069-2EA532E44075}"
EndProject
Project("{FAE04EC0-301F-11D3-BF4B-00C04F79EFBC}") = "NRSSLib", "NRSSLib\NRSSLib.csproj", "{42F62A8A-2D29-4E6B-9B62-E52EA63D4CB1}"
EndProject
Project("{FAE04EC0-301F-11D3-BF4B-00C04F79EFBC}") = "RSS.NET", "..\RSS.NET\RSS.NET.csproj", "{C42FC014-7E12-4FAF-9BC9-79BF1529440D}"
EndProject
Project("{2150E333-8FDC-42A3-9474-1A3956D46DE8}") = "Solution Items", "Solution Items", "{7CDD31C2-5818-4B42-BE19-8C7D1886A410}"
	ProjectSection(SolutionItems) = preProject
		nrss.db = nrss.db
	EndProjectSection
EndProject
Project("{FAE04EC0-301F-11D3-BF4B-00C04F79EFBC}") = "NNTP", "..\Smilla.NNTP\NNTP\NNTP.csproj", "{165140DE-2CA5-4EA7-A875-9FE653A56419}"
EndProject
Global
	GlobalSection(SolutionConfigurationPlatforms) = preSolution
		Debug|.NET = Debug|.NET
		Debug|Any CPU = Debug|Any CPU
		Debug|Mixed Platforms = Debug|Mixed Platforms
		Release|.NET = Release|.NET
		Release|Any CPU = Release|Any CPU
		Release|Mixed Platforms = Release|Mixed Platforms
	EndGlobalSection
	GlobalSection(ProjectConfigurationPlatforms) = postSolution
		{8D5AE240-0AFC-4C6A-890F-3F73CEDBD18A}.Debug|.NET.ActiveCfg = Debug|Any CPU
		{8D5AE240-0AFC-4C6A-890F-3F73CEDBD18A}.Debug|Any CPU.ActiveCfg = Debug|Any CPU
		{8D5AE240-0AFC-4C6A-890F-3F73CEDBD18A}.Debug|Any CPU.Build.0 = Debug|Any CPU
		{8D5AE240-0AFC-4C6A-890F-3F73CEDBD18A}.Debug|Mixed Platforms.ActiveCfg = Debug|Any CPU
		{8D5AE240-0AFC-4C6A-890F-3F73CEDBD18A}.Debug|Mixed Platforms.Build.0 = Debug|Any CPU
		{8D5AE240-0AFC-4C6A-890F-3F73CEDBD18A}.Release|.NET.ActiveCfg = Release|Any CPU
		{8D5AE240-0AFC-4C6A-890F-3F73CEDBD18A}.Release|Any CPU.ActiveCfg = Release|Any CPU
		{8D5AE240-0AFC-4C6A-890F-3F73CEDBD18A}.Release|Any CPU.Build.0 = Release|Any CPU
		{8D5AE240-0AFC-4C6A-890F-3F73CEDBD18A}.Release|Mixed Platforms.ActiveCfg = Release|Any CPU
		{8D5AE240-0AFC-4C6A-890F-3F73CEDBD18A}.Release|Mixed Platforms.Build.0 = Release|Any CPU
		{27D6E4B4-7893-4369-9CAF-4E625B0146A9}.Debug|.NET.ActiveCfg = Debug|Any CPU
		{27D6E4B4-7893-4369-9CAF-4E625B0146A9}.Debug|Any CPU.ActiveCfg = Debug|Any CPU
		{27D6E4B4-7893-4369-9CAF-4E625B0146A9}.Debug|Any CPU.Build.0 = Debug|Any CPU
		{27D6E4B4-7893-4369-9CAF-4E625B0146A9}.Debug|Mixed Platforms.ActiveCfg = Debug|Any CPU
		{27D6E4B4-7893-4369-9CAF-4E625B0146A9}.Debug|Mixed Platforms.Build.0 = Debug|Any CPU
		{27D6E4B4-7893-4369-9CAF-4E625B0146A9}.Release|.NET.ActiveCfg = Release|Any CPU
		{27D6E4B4-7893-4369-9CAF-4E625B0146A9}.Release|Any CPU.ActiveCfg = Release|Any CPU
		{27D6E4B4-7893-4369-9CAF-4E625B0146A9}.Release|Any CPU.Build.0 = Release|Any CPU
		{27D6E4B4-7893-4369-9CAF-4E625B0146A9}.Release|Mixed Platforms.ActiveCfg = Release|Any CPU
		{27D6E4B4-7893-4369-9CAF-4E625B0146A9}.Release|Mixed Platforms.Build.0 = Release|Any CPU
		{AD772B9B-67A7-4E4D-B749-FB56D65F057C}.Debug|.NET.ActiveCfg = Debug|Any CPU
		{AD772B9B-67A7-4E4D-B749-FB56D65F057C}.Debug|Any CPU.ActiveCfg = Debug|Any CPU
		{AD772B9B-67A7-4E4D-B749-FB56D65F057C}.Debug|Any CPU.Build.0 = Debug|Any CPU
		{AD772B9B-67A7-4E4D-B749-FB56D65F057C}.Debug|Mixed Platforms.ActiveCfg = Debug|Any CPU
		{AD772B9B-67A7-4E4D-B749-FB56D65F057C}.Debug|Mixed Platforms.Build.0 = Debug|Any CPU
		{AD772B9B-67A7-4E4D-B749-FB56D65F057C}.Release|.NET.ActiveCfg = Release|Any CPU
		{AD772B9B-67A7-4E4D-B749-FB56D65F057C}.Release|Any CPU.ActiveCfg = Release|Any CPU
		{AD772B9B-67A7-4E4D-B749-FB56D65F057C}.Release|Any CPU.Build.0 = Release|Any CPU
		{AD772B9B-67A7-4E4D-B749-FB56D65F057C}.Release|Mixed Platforms.ActiveCfg = Release|Any CPU
		{AD772B9B-67A7-4E4D-B749-FB56D65F057C}.Release|Mixed Platforms.Build.0 = Release|Any CPU
		{5CBC3F2A-2AA9-4071-AAB9-47CB3A49EEBC}.Debug|.NET.ActiveCfg = Debug|.NET
		{5CBC3F2A-2AA9-4071-AAB9-47CB3A49EEBC}.Debug|.NET.Build.0 = Debug|.NET
		{5CBC3F2A-2AA9-4071-AAB9-47CB3A49EEBC}.Debug|Any CPU.ActiveCfg = Debug|.NET
		{5CBC3F2A-2AA9-4071-AAB9-47CB3A49EEBC}.Debug|Mixed Platforms.ActiveCfg = Debug|.NET
		{5CBC3F2A-2AA9-4071-AAB9-47CB3A49EEBC}.Debug|Mixed Platforms.Build.0 = Debug|.NET
		{5CBC3F2A-2AA9-4071-AAB9-47CB3A49EEBC}.Release|.NET.ActiveCfg = Debug|.NET
		{5CBC3F2A-2AA9-4071-AAB9-47CB3A49EEBC}.Release|.NET.Build.0 = Debug|.NET
		{5CBC3F2A-2AA9-4071-AAB9-47CB3A49EEBC}.Release|Any CPU.ActiveCfg = Debug|.NET
		{5CBC3F2A-2AA9-4071-AAB9-47CB3A49EEBC}.Release|Mixed Platforms.ActiveCfg = Debug|.NET
		{5CBC3F2A-2AA9-4071-AAB9-47CB3A49EEBC}.Release|Mixed Platforms.Build.0 = Debug|.NET
		{8B6AE4A0-EE43-4C7C-ACC7-DCDE1EA2B311}.Debug|.NET.ActiveCfg = Debug|.NET
		{8B6AE4A0-EE43-4C7C-ACC7-DCDE1EA2B311}.Debug|.NET.Build.0 = Debug|.NET
		{8B6AE4A0-EE43-4C7C-ACC7-DCDE1EA2B311}.Debug|Any CPU.ActiveCfg = Debug|.NET
		{8B6AE4A0-EE43-4C7C-ACC7-DCDE1EA2B311}.Debug|Mixed Platforms.ActiveCfg = Debug|.NET
		{8B6AE4A0-EE43-4C7C-ACC7-DCDE1EA2B311}.Release|.NET.ActiveCfg = Debug|.NET
		{8B6AE4A0-EE43-4C7C-ACC7-DCDE1EA2B311}.Release|.NET.Build.0 = Debug|.NET
		{8B6AE4A0-EE43-4C7C-ACC7-DCDE1EA2B311}.Release|Any CPU.ActiveCfg = Debug|.NET
		{8B6AE4A0-EE43-4C7C-ACC7-DCDE1EA2B311}.Release|Mixed Platforms.ActiveCfg = Debug|.NET
		{8B6AE4A0-EE43-4C7C-ACC7-DCDE1EA2B311}.Release|Mixed Platforms.Build.0 = Debug|.NET
		{6E341CAD-6097-4886-B069-2EA532E44075}.Debug|.NET.ActiveCfg = Debug|Any CPU
		{6E341CAD-6097-4886-B069-2EA532E44075}.Debug|Any CPU.ActiveCfg = Debug|Any CPU
		{6E341CAD-6097-4886-B069-2EA532E44075}.Debug|Any CPU.Build.0 = Debug|Any CPU
		{6E341CAD-6097-4886-B069-2EA532E44075}.Debug|Mixed Platforms.ActiveCfg = Debug|Any CPU
		{6E341CAD-6097-4886-B069-2EA532E44075}.Debug|Mixed Platforms.Build.0 = Debug|Any CPU
		{6E341CAD-6097-4886-B069-2EA532E44075}.Release|.NET.ActiveCfg = Release|Any CPU
		{6E341CAD-6097-4886-B069-2EA532E44075}.Release|Any CPU.ActiveCfg = Release|Any CPU
		{6E341CAD-6097-4886-B069-2EA532E44075}.Release|Any CPU.Build.0 = Release|Any CPU
		{6E341CAD-6097-4886-B069-2EA532E44075}.Release|Mixed Platforms.ActiveCfg = Release|Any CPU
		{6E341CAD-6097-4886-B069-2EA532E44075}.Release|Mixed Platforms.Build.0 = Release|Any CPU
		{42F62A8A-2D29-4E6B-9B62-E52EA63D4CB1}.Debug|.NET.ActiveCfg = Debug|Any CPU
		{42F62A8A-2D29-4E6B-9B62-E52EA63D4CB1}.Debug|Any CPU.ActiveCfg = Debug|Any CPU
		{42F62A8A-2D29-4E6B-9B62-E52EA63D4CB1}.Debug|Any CPU.Build.0 = Debug|Any CPU
		{42F62A8A-2D29-4E6B-9B62-E52EA63D4CB1}.Debug|Mixed Platforms.ActiveCfg = Debug|Any CPU
		{42F62A8A-2D29-4E6B-9B62-E52EA63D4CB1}.Debug|Mixed Platforms.Build.0 = Debug|Any CPU
		{42F62A8A-2D29-4E6B-9B62-E52EA63D4CB1}.Release|.NET.ActiveCfg = Release|Any CPU
		{42F62A8A-2D29-4E6B-9B62-E52EA63D4CB1}.Release|Any CPU.ActiveCfg = Release|Any CPU
		{42F62A8A-2D29-4E6B-9B62-E52EA63D4CB1}.Release|Any CPU.Build.0 = Release|Any CPU
		{42F62A8A-2D29-4E6B-9B62-E52EA63D4CB1}.Release|Mixed Platforms.ActiveCfg = Release|Any CPU
		{42F62A8A-2D29-4E6B-9B62-E52EA63D4CB1}.Release|Mixed Platforms.Build.0 = Release|Any CPU
		{C42FC014-7E12-4FAF-9BC9-79BF1529440D}.Debug|.NET.ActiveCfg = Debug|Any CPU
		{C42FC014-7E12-4FAF-9BC9-79BF1529440D}.Debug|Any CPU.ActiveCfg = Debug|Any CPU
		{C42FC014-7E12-4FAF-9BC9-79BF1529440D}.Debug|Any CPU.Build.0 = Debug|Any CPU
		{C42FC014-7E12-4FAF-9BC9-79BF1529440D}.Debug|Mixed Platforms.ActiveCfg = Debug|Any CPU
		{C42FC014-7E12-4FAF-9BC9-79BF1529440D}.Debug|Mixed Platforms.Build.0 = Debug|Any CPU
		{C42FC014-7E12-4FAF-9BC9-79BF1529440D}.Release|.NET.ActiveCfg = Release|Any CPU
		{C42FC014-7E12-4FAF-9BC9-79BF1529440D}.Release|Any CPU.ActiveCfg = Release|Any CPU
		{C42FC014-7E12-4FAF-9BC9-79BF1529440D}.Release|Any CPU.Build.0 = Release|Any CPU
		{C42FC014-7E12-4FAF-9BC9-79BF1529440D}.Release|Mixed Platforms.ActiveCfg = Release|Any CPU
		{C42FC014-7E12-4FAF-9BC9-79BF1529440D}.Release|Mixed Platforms.Build.0 = Release|Any CPU
		{165140DE-2CA5-4EA7-A875-9FE653A56419}.Debug|.NET.ActiveCfg = Debug|Any CPU
		{165140DE-2CA5-4EA7-A875-9FE653A56419}.Debug|Any CPU.ActiveCfg = Debug|Any CPU
		{165140DE-2CA5-4EA7-A875-9FE653A56419}.Debug|Any CPU.Build.0 = Debug|Any CPU
		{165140DE-2CA5-4EA7-A875-9FE653A56419}.Debug|Mixed Platforms.ActiveCfg = Debug|Any CPU
		{165140DE-2CA5-4EA7-A875-9FE653A56419}.Debug|Mixed Platforms.Build.0 = Debug|Any CPU
		{165140DE-2CA5-4EA7-A875-9FE653A56419}.Release|.NET.ActiveCfg = Release|Any CPU
		{165140DE-2CA5-4EA7-A875-9FE653A56419}.Release|Any CPU.ActiveCfg = Release|Any CPU
		{165140DE-2CA5-4EA7-A875-9FE653A56419}.Release|Any CPU.Build.0 = Release|Any CPU
		{165140DE-2CA5-4EA7-A875-9FE653A56419}.Release|Mixed Platforms.ActiveCfg = Release|Any CPU
		{165140DE-2CA5-4EA7-A875-9FE653A56419}.Release|Mixed Platforms.Build.0 = Release|Any CPU
	EndGlobalSection
	GlobalSection(SolutionProperties) = preSolution
		HideSolutionNode = FALSE
	EndGlobalSection
EndGlobal
