Microsoft Visual Studio Solution File, Format Version 9.00
# Visual Studio 2005
Project("{FAE04EC0-301F-11D3-BF4B-00C04F79EFBC}") = "NNTP", "NNTP\NNTP.csproj", "{165140DE-2CA5-4EA7-A875-9FE653A56419}"
EndProject
Project("{FAE04EC0-301F-11D3-BF4B-00C04F79EFBC}") = "NewsForms", "NewsForms\NewsForms.csproj", "{273FB60A-7B04-4A86-8B95-1D4453B2B443}"
EndProject
Global
	GlobalSection(SolutionConfigurationPlatforms) = preSolution
		Debug|Any CPU = Debug|Any CPU
		Release|Any CPU = Release|Any CPU
	EndGlobalSection
	GlobalSection(ProjectConfigurationPlatforms) = postSolution
		{165140DE-2CA5-4EA7-A875-9FE653A56419}.Debug|Any CPU.ActiveCfg = Debug|Any CPU
		{165140DE-2CA5-4EA7-A875-9FE653A56419}.Debug|Any CPU.Build.0 = Debug|Any CPU
		{165140DE-2CA5-4EA7-A875-9FE653A56419}.Release|Any CPU.ActiveCfg = Release|Any CPU
		{165140DE-2CA5-4EA7-A875-9FE653A56419}.Release|Any CPU.Build.0 = Release|Any CPU
		{273FB60A-7B04-4A86-8B95-1D4453B2B443}.Debug|Any CPU.ActiveCfg = Debug|Any CPU
		{273FB60A-7B04-4A86-8B95-1D4453B2B443}.Debug|Any CPU.Build.0 = Debug|Any CPU
		{273FB60A-7B04-4A86-8B95-1D4453B2B443}.Release|Any CPU.ActiveCfg = Release|Any CPU
		{273FB60A-7B04-4A86-8B95-1D4453B2B443}.Release|Any CPU.Build.0 = Release|Any CPU
	EndGlobalSection
	GlobalSection(SolutionProperties) = preSolution
		HideSolutionNode = FALSE
	EndGlobalSection
EndGlobal
