<?xml version="1.0" encoding="utf-8"?>
<Project ToolsVersion="4.0" xmlns="http://schemas.microsoft.com/developer/msbuild/2003">
  <ItemGroup>
    <Filter Include="Source Files">
      <UniqueIdentifier>{4FC737F1-C7A5-4376-A066-2A32D752A2FF}</UniqueIdentifier>
      <Extensions>cpp;c;cxx;def;odl;idl;hpj;bat;asm;asmx</Extensions>
    </Filter>
    <Filter Include="Header Files">
      <UniqueIdentifier>{93995380-89BD-4b04-88EB-625FBE52EBFB}</UniqueIdentifier>
      <Extensions>h;hpp;hxx;hm;inl;inc;xsd</Extensions>
    </Filter>
    <Filter Include="Resource Files">
      <UniqueIdentifier>{67DA6AB6-F800-4c08-8B7A-83BB121AAD01}</UniqueIdentifier>
      <Extensions>rc;ico;cur;bmp;dlg;rc2;rct;bin;rgs;gif;jpg;jpeg;jpe;resx</Extensions>
    </Filter>
    <Filter Include="CEGUI">
      <UniqueIdentifier>{9225e929-82ad-4ea7-a250-15529a62bbcb}</UniqueIdentifier>
    </Filter>
  </ItemGroup>
  <ItemGroup>
    <ClCompile Include="..\..\..\__src\pncore\main.cpp">
      <Filter>Source Files</Filter>
    </ClCompile>
    <ClCompile Include="..\..\..\__src\pncore\PNChatTree.cpp">
      <Filter>Source Files</Filter>
    </ClCompile>
    <ClCompile Include="..\..\..\__src\pncore\PNFoxMainWindow.cpp">
      <Filter>Source Files</Filter>
    </ClCompile>
    <ClCompile Include="..\..\..\__src\pncore\PNFoxOptionWindow.cpp">
      <Filter>Source Files</Filter>
    </ClCompile>
    <ClCompile Include="..\..\..\__src\pncore\PNGUIChatWindow.cpp">
      <Filter>Source Files</Filter>
    </ClCompile>
    <ClCompile Include="..\..\..\__src\pncore\PNGUIDeath.cpp">
      <Filter>Source Files</Filter>
    </ClCompile>
    <ClCompile Include="..\..\..\__src\pncore\PNGUIEscMenu.cpp">
      <Filter>Source Files</Filter>
    </ClCompile>
    <ClCompile Include="..\..\..\__src\pncore\PNGUIGame.cpp">
      <Filter>Source Files</Filter>
    </ClCompile>
    <ClCompile Include="..\..\..\__src\pncore\PNGUILoadingScreen.cpp">
      <Filter>Source Files</Filter>
    </ClCompile>
    <ClCompile Include="..\..\..\__src\pncore\PNGUIMenuLoad.cpp">
      <Filter>Source Files</Filter>
    </ClCompile>
    <ClCompile Include="..\..\..\__src\pncore\PNGUIMenuRoot.cpp">
      <Filter>Source Files</Filter>
    </ClCompile>
    <ClCompile Include="..\..\..\__src\pncore\PNGUIMsgBox.cpp">
      <Filter>Source Files</Filter>
    </ClCompile>
    <ClCompile Include="..\..\..\__src\pncore\PNGUIStateManager.cpp">
      <Filter>Source Files</Filter>
    </ClCompile>
    <ClCompile Include="..\..\..\__src\pncore\PNGUIWin.cpp">
      <Filter>Source Files</Filter>
    </ClCompile>
    <ClCompile Include="..\..\..\__src\pncore\PNLoadPlugins.cpp">
      <Filter>Source Files</Filter>
    </ClCompile>
  </ItemGroup>
  <ItemGroup>
    <ClInclude Include="..\..\..\__src\pncore\myCEGUI.h">
      <Filter>Header Files</Filter>
    </ClInclude>
    <ClInclude Include="..\..\..\__src\pncore\PNChatTree.hpp">
      <Filter>Header Files</Filter>
    </ClInclude>
    <ClInclude Include="..\..\..\__src\pncore\PNFoxMainWindow.hpp">
      <Filter>Header Files</Filter>
    </ClInclude>
    <ClInclude Include="..\..\..\__src\pncore\PNFoxOptionWindow.hpp">
      <Filter>Header Files</Filter>
    </ClInclude>
    <ClInclude Include="..\..\..\__src\pncore\PNGUIChatWindow.hpp">
      <Filter>Header Files</Filter>
    </ClInclude>
    <ClInclude Include="..\..\..\__src\pncore\PNGUIDeath.hpp">
      <Filter>Header Files</Filter>
    </ClInclude>
    <ClInclude Include="..\..\..\__src\pncore\PNGUIEscMenu.hpp">
      <Filter>Header Files</Filter>
    </ClInclude>
    <ClInclude Include="..\..\..\__src\pncore\PNGUIGame.hpp">
      <Filter>Header Files</Filter>
    </ClInclude>
    <ClInclude Include="..\..\..\__src\pncore\PNGUILoadingScreen.hpp">
      <Filter>Header Files</Filter>
    </ClInclude>
    <ClInclude Include="..\..\..\__src\pncore\PNGUIMenuLoad.hpp">
      <Filter>Header Files</Filter>
    </ClInclude>
    <ClInclude Include="..\..\..\__src\pncore\PNGUIMenuRoot.hpp">
      <Filter>Header Files</Filter>
    </ClInclude>
    <ClInclude Include="..\..\..\__src\pncore\PNGUIMsgBox.hpp">
      <Filter>Header Files</Filter>
    </ClInclude>
    <ClInclude Include="..\..\..\__src\pncore\PNGUIStateManager.hpp">
      <Filter>Header Files</Filter>
    </ClInclude>
    <ClInclude Include="..\..\..\__src\pncore\PNGUIWin.hpp">
      <Filter>Header Files</Filter>
    </ClInclude>
    <ClInclude Include="..\..\..\__src\pncore\PNLoadPlugins.hpp">
      <Filter>Header Files</Filter>
    </ClInclude>
    <ClInclude Include="..\..\..\__src\pncore\top_image.h">
      <Filter>Header Files</Filter>
    </ClInclude>
    <ClInclude Include="..\..\..\__src\pncore\top_image2.h">
      <Filter>Header Files</Filter>
    </ClInclude>
    <ClInclude Include="resource.h">
      <Filter>Resource Files</Filter>
    </ClInclude>
  </ItemGroup>
  <ItemGroup>
    <None Include="pncore.ico">
      <Filter>Resource Files</Filter>
    </None>
    <None Include="..\..\..\__binaries\datafiles\layouts\ESCMenu.layout">
      <Filter>CEGUI</Filter>
    </None>
    <None Include="..\..\..\__binaries\datafiles\layouts\MenuRoot.layout">
      <Filter>CEGUI</Filter>
    </None>
    <None Include="..\..\..\__binaries\datafiles\layouts\MenuRootbis.layout">
      <Filter>CEGUI</Filter>
    </None>
    <None Include="..\..\..\__binaries\datafiles\layouts\MenuRootOptions.layout">
      <Filter>CEGUI</Filter>
    </None>
    <None Include="..\..\..\__binaries\datafiles\layouts\PNConsole.layout">
      <Filter>CEGUI</Filter>
    </None>
    <None Include="..\..\..\__binaries\datafiles\layouts\PNGUIGame.layout">
      <Filter>CEGUI</Filter>
    </None>
    <None Include="..\..\..\__binaries\datafiles\layouts\PNInfoPanel.layout">
      <Filter>CEGUI</Filter>
    </None>
  </ItemGroup>
  <ItemGroup>
    <ResourceCompile Include="ressources.rc">
      <Filter>Resource Files</Filter>
    </ResourceCompile>
  </ItemGroup>
</Project>