
Microsoft Visual Studio Solution File, Format Version 9.00
# Visual Studio 2005
Project("{FAE04EC0-301F-11D3-BF4B-00C04F79EFBC}") = "KKTRSS.ServerModel", "KKTRSS.ServerModel\KKTRSS.ServerModel.csproj", "{7751D9AC-F39B-4640-954C-2C82874A84D4}"
EndProject
Project("{FAE04EC0-301F-11D3-BF4B-00C04F79EFBC}") = "KKTRSS.ServerHelpers", "KKTRSS.ServerHelpers\KKTRSS.ServerHelpers.csproj", "{BDB112DD-018D-4D7A-B4D9-898111D373CE}"
EndProject
Project("{E24C65DC-7377-472B-9ABA-BC803B73C61A}") = "D:\...\KKTRSS.Server\", "KKTRSS.Server\", "{01E23D1F-1960-4B08-9766-C3D6F10A8E4E}"
	ProjectSection(WebsiteProperties) = preProject
		ProjectReferences = "{C42FC014-7E12-4FAF-9BC9-79BF1529440D}|RSS.NET.dll;{BDB112DD-018D-4D7A-B4D9-898111D373CE}|KKTRSS.ServerHelpers.dll;{7751D9AC-F39B-4640-954C-2C82874A84D4}|KKTRSS.ServerModel.dll;"
		Debug.AspNetCompiler.VirtualPath = "/KKTRSS.Server"
		Debug.AspNetCompiler.PhysicalPath = "KKTRSS.Server\"
		Debug.AspNetCompiler.TargetPath = "PrecompiledWeb\KKTRSS.Server\"
		Debug.AspNetCompiler.Updateable = "true"
		Debug.AspNetCompiler.ForceOverwrite = "true"
		Debug.AspNetCompiler.FixedNames = "false"
		Debug.AspNetCompiler.Debug = "True"
		Release.AspNetCompiler.VirtualPath = "/KKTRSS.Server"
		Release.AspNetCompiler.PhysicalPath = "KKTRSS.Server\"
		Release.AspNetCompiler.TargetPath = "PrecompiledWeb\KKTRSS.Server\"
		Release.AspNetCompiler.Updateable = "true"
		Release.AspNetCompiler.ForceOverwrite = "true"
		Release.AspNetCompiler.FixedNames = "false"
		Release.AspNetCompiler.Debug = "False"
		VWDPort = "1441"
		DefaultWebSiteLanguage = "Visual C#"
	EndProjectSection
EndProject
Project("{E24C65DC-7377-472B-9ABA-BC803B73C61A}") = "D:\...\KKTRSS.Web\", "KKTRSS.Web\", "{6A00C000-4FCB-48D1-B6FF-49DDC29FC5AE}"
	ProjectSection(WebsiteProperties) = preProject
		ProjectReferences = "{C42FC014-7E12-4FAF-9BC9-79BF1529440D}|RSS.NET.dll;"
		Debug.AspNetCompiler.VirtualPath = "/KKTRSS.Web"
		Debug.AspNetCompiler.PhysicalPath = "KKTRSS.Web\"
		Debug.AspNetCompiler.TargetPath = "PrecompiledWeb\KKTRSS.Web\"
		Debug.AspNetCompiler.Updateable = "true"
		Debug.AspNetCompiler.ForceOverwrite = "true"
		Debug.AspNetCompiler.FixedNames = "false"
		Debug.AspNetCompiler.Debug = "True"
		Release.AspNetCompiler.VirtualPath = "/KKTRSS.Web"
		Release.AspNetCompiler.PhysicalPath = "KKTRSS.Web\"
		Release.AspNetCompiler.TargetPath = "PrecompiledWeb\KKTRSS.Web\"
		Release.AspNetCompiler.Updateable = "true"
		Release.AspNetCompiler.ForceOverwrite = "true"
		Release.AspNetCompiler.FixedNames = "false"
		Release.AspNetCompiler.Debug = "False"
		VWDPort = "1444"
		DefaultWebSiteLanguage = "Visual C#"
	EndProjectSection
EndProject
Project("{FAE04EC0-301F-11D3-BF4B-00C04F79EFBC}") = "RSS.NET", "RSS.NET\RSS.NET.csproj", "{C42FC014-7E12-4FAF-9BC9-79BF1529440D}"
EndProject
Project("{FAE04EC0-301F-11D3-BF4B-00C04F79EFBC}") = "RSSReader", "RSSReader\RSSReader.csproj", "{086EC515-D7AA-4113-8936-039F65CF7F79}"
EndProject
Project("{FAE04EC0-301F-11D3-BF4B-00C04F79EFBC}") = "RSSScreenSaver", "RSSScreenSaver\RSSScreenSaver.csproj", "{F43174C6-E469-43AB-A5A5-06A44B9A32F4}"
EndProject
Global
	GlobalSection(SolutionConfigurationPlatforms) = preSolution
		Debug|.NET = Debug|.NET
		Debug|Any CPU = Debug|Any CPU
		Debug|Mixed Platforms = Debug|Mixed Platforms
		Release|.NET = Release|.NET
		Release|Any CPU = Release|Any CPU
		Release|Mixed Platforms = Release|Mixed Platforms
	EndGlobalSection
	GlobalSection(ProjectConfigurationPlatforms) = postSolution
		{7751D9AC-F39B-4640-954C-2C82874A84D4}.Debug|.NET.ActiveCfg = Debug|Any CPU
		{7751D9AC-F39B-4640-954C-2C82874A84D4}.Debug|Any CPU.ActiveCfg = Debug|Any CPU
		{7751D9AC-F39B-4640-954C-2C82874A84D4}.Debug|Any CPU.Build.0 = Debug|Any CPU
		{7751D9AC-F39B-4640-954C-2C82874A84D4}.Debug|Mixed Platforms.ActiveCfg = Debug|Any CPU
		{7751D9AC-F39B-4640-954C-2C82874A84D4}.Release|.NET.ActiveCfg = Release|Any CPU
		{7751D9AC-F39B-4640-954C-2C82874A84D4}.Release|Any CPU.ActiveCfg = Release|Any CPU
		{7751D9AC-F39B-4640-954C-2C82874A84D4}.Release|Any CPU.Build.0 = Release|Any CPU
		{7751D9AC-F39B-4640-954C-2C82874A84D4}.Release|Mixed Platforms.ActiveCfg = Release|Any CPU
		{7751D9AC-F39B-4640-954C-2C82874A84D4}.Release|Mixed Platforms.Build.0 = Release|Any CPU
		{BDB112DD-018D-4D7A-B4D9-898111D373CE}.Debug|.NET.ActiveCfg = Debug|Any CPU
		{BDB112DD-018D-4D7A-B4D9-898111D373CE}.Debug|Any CPU.ActiveCfg = Debug|Any CPU
		{BDB112DD-018D-4D7A-B4D9-898111D373CE}.Debug|Any CPU.Build.0 = Debug|Any CPU
		{BDB112DD-018D-4D7A-B4D9-898111D373CE}.Debug|Mixed Platforms.ActiveCfg = Debug|Any CPU
		{BDB112DD-018D-4D7A-B4D9-898111D373CE}.Release|.NET.ActiveCfg = Release|Any CPU
		{BDB112DD-018D-4D7A-B4D9-898111D373CE}.Release|Any CPU.ActiveCfg = Release|Any CPU
		{BDB112DD-018D-4D7A-B4D9-898111D373CE}.Release|Any CPU.Build.0 = Release|Any CPU
		{BDB112DD-018D-4D7A-B4D9-898111D373CE}.Release|Mixed Platforms.ActiveCfg = Release|Any CPU
		{BDB112DD-018D-4D7A-B4D9-898111D373CE}.Release|Mixed Platforms.Build.0 = Release|Any CPU
		{01E23D1F-1960-4B08-9766-C3D6F10A8E4E}.Debug|.NET.ActiveCfg = Debug|.NET
		{01E23D1F-1960-4B08-9766-C3D6F10A8E4E}.Debug|.NET.Build.0 = Debug|.NET
		{01E23D1F-1960-4B08-9766-C3D6F10A8E4E}.Debug|Any CPU.ActiveCfg = Debug|.NET
		{01E23D1F-1960-4B08-9766-C3D6F10A8E4E}.Debug|Mixed Platforms.ActiveCfg = Debug|.NET
		{01E23D1F-1960-4B08-9766-C3D6F10A8E4E}.Release|.NET.ActiveCfg = Debug|.NET
		{01E23D1F-1960-4B08-9766-C3D6F10A8E4E}.Release|.NET.Build.0 = Debug|.NET
		{01E23D1F-1960-4B08-9766-C3D6F10A8E4E}.Release|Any CPU.ActiveCfg = Debug|.NET
		{01E23D1F-1960-4B08-9766-C3D6F10A8E4E}.Release|Mixed Platforms.ActiveCfg = Debug|.NET
		{01E23D1F-1960-4B08-9766-C3D6F10A8E4E}.Release|Mixed Platforms.Build.0 = Debug|.NET
		{6A00C000-4FCB-48D1-B6FF-49DDC29FC5AE}.Debug|.NET.ActiveCfg = Debug|.NET
		{6A00C000-4FCB-48D1-B6FF-49DDC29FC5AE}.Debug|.NET.Build.0 = Debug|.NET
		{6A00C000-4FCB-48D1-B6FF-49DDC29FC5AE}.Debug|Any CPU.ActiveCfg = Debug|.NET
		{6A00C000-4FCB-48D1-B6FF-49DDC29FC5AE}.Debug|Mixed Platforms.ActiveCfg = Debug|.NET
		{6A00C000-4FCB-48D1-B6FF-49DDC29FC5AE}.Debug|Mixed Platforms.Build.0 = Debug|.NET
		{6A00C000-4FCB-48D1-B6FF-49DDC29FC5AE}.Release|.NET.ActiveCfg = Debug|.NET
		{6A00C000-4FCB-48D1-B6FF-49DDC29FC5AE}.Release|.NET.Build.0 = Debug|.NET
		{6A00C000-4FCB-48D1-B6FF-49DDC29FC5AE}.Release|Any CPU.ActiveCfg = Debug|.NET
		{6A00C000-4FCB-48D1-B6FF-49DDC29FC5AE}.Release|Mixed Platforms.ActiveCfg = Debug|.NET
		{6A00C000-4FCB-48D1-B6FF-49DDC29FC5AE}.Release|Mixed Platforms.Build.0 = Debug|.NET
		{C42FC014-7E12-4FAF-9BC9-79BF1529440D}.Debug|.NET.ActiveCfg = Debug|Any CPU
		{C42FC014-7E12-4FAF-9BC9-79BF1529440D}.Debug|Any CPU.ActiveCfg = Debug|Any CPU
		{C42FC014-7E12-4FAF-9BC9-79BF1529440D}.Debug|Any CPU.Build.0 = Debug|Any CPU
		{C42FC014-7E12-4FAF-9BC9-79BF1529440D}.Debug|Mixed Platforms.ActiveCfg = Debug|Any CPU
		{C42FC014-7E12-4FAF-9BC9-79BF1529440D}.Debug|Mixed Platforms.Build.0 = Debug|Any CPU
		{C42FC014-7E12-4FAF-9BC9-79BF1529440D}.Release|.NET.ActiveCfg = Release|Any CPU
		{C42FC014-7E12-4FAF-9BC9-79BF1529440D}.Release|Any CPU.ActiveCfg = Release|Any CPU
		{C42FC014-7E12-4FAF-9BC9-79BF1529440D}.Release|Any CPU.Build.0 = Release|Any CPU
		{C42FC014-7E12-4FAF-9BC9-79BF1529440D}.Release|Mixed Platforms.ActiveCfg = Release|Any CPU
		{C42FC014-7E12-4FAF-9BC9-79BF1529440D}.Release|Mixed Platforms.Build.0 = Release|Any CPU
		{086EC515-D7AA-4113-8936-039F65CF7F79}.Debug|.NET.ActiveCfg = Debug|Any CPU
		{086EC515-D7AA-4113-8936-039F65CF7F79}.Debug|Any CPU.ActiveCfg = Debug|Any CPU
		{086EC515-D7AA-4113-8936-039F65CF7F79}.Debug|Any CPU.Build.0 = Debug|Any CPU
		{086EC515-D7AA-4113-8936-039F65CF7F79}.Debug|Mixed Platforms.ActiveCfg = Debug|Any CPU
		{086EC515-D7AA-4113-8936-039F65CF7F79}.Debug|Mixed Platforms.Build.0 = Debug|Any CPU
		{086EC515-D7AA-4113-8936-039F65CF7F79}.Release|.NET.ActiveCfg = Release|Any CPU
		{086EC515-D7AA-4113-8936-039F65CF7F79}.Release|Any CPU.ActiveCfg = Release|Any CPU
		{086EC515-D7AA-4113-8936-039F65CF7F79}.Release|Any CPU.Build.0 = Release|Any CPU
		{086EC515-D7AA-4113-8936-039F65CF7F79}.Release|Mixed Platforms.ActiveCfg = Release|Any CPU
		{086EC515-D7AA-4113-8936-039F65CF7F79}.Release|Mixed Platforms.Build.0 = Release|Any CPU
		{F43174C6-E469-43AB-A5A5-06A44B9A32F4}.Debug|.NET.ActiveCfg = Debug|Any CPU
		{F43174C6-E469-43AB-A5A5-06A44B9A32F4}.Debug|Any CPU.ActiveCfg = Debug|Any CPU
		{F43174C6-E469-43AB-A5A5-06A44B9A32F4}.Debug|Any CPU.Build.0 = Debug|Any CPU
		{F43174C6-E469-43AB-A5A5-06A44B9A32F4}.Debug|Mixed Platforms.ActiveCfg = Debug|Any CPU
		{F43174C6-E469-43AB-A5A5-06A44B9A32F4}.Debug|Mixed Platforms.Build.0 = Debug|Any CPU
		{F43174C6-E469-43AB-A5A5-06A44B9A32F4}.Release|.NET.ActiveCfg = Release|Any CPU
		{F43174C6-E469-43AB-A5A5-06A44B9A32F4}.Release|Any CPU.ActiveCfg = Release|Any CPU
		{F43174C6-E469-43AB-A5A5-06A44B9A32F4}.Release|Any CPU.Build.0 = Release|Any CPU
		{F43174C6-E469-43AB-A5A5-06A44B9A32F4}.Release|Mixed Platforms.ActiveCfg = Release|Any CPU
		{F43174C6-E469-43AB-A5A5-06A44B9A32F4}.Release|Mixed Platforms.Build.0 = Release|Any CPU
	EndGlobalSection
	GlobalSection(SolutionProperties) = preSolution
		HideSolutionNode = FALSE
	EndGlobalSection
EndGlobal
